
Microsoft Visual Studio Solution File, Format Version 12.00
# Visual Studio Version 17
VisualStudioVersion = 17.5.33516.290
MinimumVisualStudioVersion = 10.0.40219.1
Project("{9A19103F-16F7-4668-BE54-9A1E7A4F7556}") = "NetObsBindings", "NetObsBindings\NetObsBindings\NetObsBindings.csproj", "{955E0751-E231-47E4-931E-9242C8A12D93}"
EndProject
Project("{9A19103F-16F7-4668-BE54-9A1E7A4F7556}") = "BetterMultiview", "BetterMultiview\BetterMultiview.csproj", "{0731BE09-0E58-4B7E-A137-4178A2BB0D57}"
EndProject
Global
	GlobalSection(SolutionConfigurationPlatforms) = preSolution
		Debug|Any CPU = Debug|Any CPU
		Release|Any CPU = Release|Any CPU
	EndGlobalSection
	GlobalSection(ProjectConfigurationPlatforms) = postSolution
		{955E0751-E231-47E4-931E-9242C8A12D93}.Debug|Any CPU.ActiveCfg = Debug|Any CPU
		{955E0751-E231-47E4-931E-9242C8A12D93}.Debug|Any CPU.Build.0 = Debug|Any CPU
		{955E0751-E231-47E4-931E-9242C8A12D93}.Release|Any CPU.ActiveCfg = Release|Any CPU
		{955E0751-E231-47E4-931E-9242C8A12D93}.Release|Any CPU.Build.0 = Release|Any CPU
		{0731BE09-0E58-4B7E-A137-4178A2BB0D57}.Debug|Any CPU.ActiveCfg = Debug|Any CPU
		{0731BE09-0E58-4B7E-A137-4178A2BB0D57}.Debug|Any CPU.Build.0 = Debug|Any CPU
		{0731BE09-0E58-4B7E-A137-4178A2BB0D57}.Release|Any CPU.ActiveCfg = Release|Any CPU
		{0731BE09-0E58-4B7E-A137-4178A2BB0D57}.Release|Any CPU.Build.0 = Release|Any CPU
	EndGlobalSection
	GlobalSection(SolutionProperties) = preSolution
		HideSolutionNode = FALSE
	EndGlobalSection
	GlobalSection(ExtensibilityGlobals) = postSolution
		SolutionGuid = {DADABB32-3F9D-4C07-BF66-3CC0AA7C1F0E}
	EndGlobalSection
EndGlobal
