
Microsoft Visual Studio Solution File, Format Version 12.00
# Visual Studio Version 16
VisualStudioVersion = 16.0.31515.178
MinimumVisualStudioVersion = 10.0.40219.1
Project("{9A19103F-16F7-4668-BE54-9A1E7A4F7556}") = "ObsMultiview", "ObsMultiview\ObsMultiview.csproj", "{5D3B4D57-5351-48F1-904D-677A1F2F7081}"
EndProject
Project("{9A19103F-16F7-4668-BE54-9A1E7A4F7556}") = "KeyboardHooks", "KeyboardHooks\KeyboardHooks.csproj", "{A1DD5A5F-ACED-4D88-AFE2-11955E72ED21}"
EndProject
Project("{9A19103F-16F7-4668-BE54-9A1E7A4F7556}") = "ObsMultiview.Plugins", "Plugins\ObsMultiview.Plugins.csproj", "{B21B31BE-9682-413B-8AA0-CB2F56FFA3EC}"
EndProject
Project("{9A19103F-16F7-4668-BE54-9A1E7A4F7556}") = "obs-websocket-dotnet", "..\obs-websocket-dotnet\obs-websocket-dotnet\obs-websocket-dotnet.csproj", "{A4E51ED2-1F47-478E-A204-0915E74D751C}"
EndProject
Global
	GlobalSection(SolutionConfigurationPlatforms) = preSolution
		Debug|Any CPU = Debug|Any CPU
		Release|Any CPU = Release|Any CPU
	EndGlobalSection
	GlobalSection(ProjectConfigurationPlatforms) = postSolution
		{5D3B4D57-5351-48F1-904D-677A1F2F7081}.Debug|Any CPU.ActiveCfg = Debug|Any CPU
		{5D3B4D57-5351-48F1-904D-677A1F2F7081}.Debug|Any CPU.Build.0 = Debug|Any CPU
		{5D3B4D57-5351-48F1-904D-677A1F2F7081}.Release|Any CPU.ActiveCfg = Release|Any CPU
		{5D3B4D57-5351-48F1-904D-677A1F2F7081}.Release|Any CPU.Build.0 = Release|Any CPU
		{A1DD5A5F-ACED-4D88-AFE2-11955E72ED21}.Debug|Any CPU.ActiveCfg = Debug|Any CPU
		{A1DD5A5F-ACED-4D88-AFE2-11955E72ED21}.Debug|Any CPU.Build.0 = Debug|Any CPU
		{A1DD5A5F-ACED-4D88-AFE2-11955E72ED21}.Release|Any CPU.ActiveCfg = Release|Any CPU
		{A1DD5A5F-ACED-4D88-AFE2-11955E72ED21}.Release|Any CPU.Build.0 = Release|Any CPU
		{B21B31BE-9682-413B-8AA0-CB2F56FFA3EC}.Debug|Any CPU.ActiveCfg = Debug|Any CPU
		{B21B31BE-9682-413B-8AA0-CB2F56FFA3EC}.Debug|Any CPU.Build.0 = Debug|Any CPU
		{B21B31BE-9682-413B-8AA0-CB2F56FFA3EC}.Release|Any CPU.ActiveCfg = Release|Any CPU
		{B21B31BE-9682-413B-8AA0-CB2F56FFA3EC}.Release|Any CPU.Build.0 = Release|Any CPU
		{A4E51ED2-1F47-478E-A204-0915E74D751C}.Debug|Any CPU.ActiveCfg = Debug|Any CPU
		{A4E51ED2-1F47-478E-A204-0915E74D751C}.Debug|Any CPU.Build.0 = Debug|Any CPU
		{A4E51ED2-1F47-478E-A204-0915E74D751C}.Release|Any CPU.ActiveCfg = Release|Any CPU
		{A4E51ED2-1F47-478E-A204-0915E74D751C}.Release|Any CPU.Build.0 = Release|Any CPU
	EndGlobalSection
	GlobalSection(SolutionProperties) = preSolution
		HideSolutionNode = FALSE
	EndGlobalSection
	GlobalSection(ExtensibilityGlobals) = postSolution
		SolutionGuid = {C9948E68-706C-442D-BC1D-E5BACB61EBA2}
	EndGlobalSection
EndGlobal
